PODS:
  - Expecta (1.0.3)
  - OCMock (3.1.5)
  - WDAsyncImageThumbnail (0.1.2)

DEPENDENCIES:
  - Expecta
  - OCMock
  - WDAsyncImageThumbnail (from `../`)

EXTERNAL SOURCES:
  WDAsyncImageThumbnail:
    :path: ../

SPEC CHECKSUMS:
  Expecta: 9d1bff6c8b0eeee73a166a2ee898892478927a15
  OCMock: 4c2925291f80407c3738dd1db14d21d0cc278864
  WDAsyncImageThumbnail: 9c3120874d904579bcc420037101e3c6feb8dc7f

COCOAPODS: 0.39.0
